
Microsoft Visual Studio Solution File, Format Version 12.00
# Visual Studio 15
VisualStudioVersion = 15.0.26403.7
MinimumVisualStudioVersion = 10.0.40219.1
Project("{FAE04EC0-301F-11D3-BF4B-00C04F79EFBC}") = "BitmapSteganography.Library", "BitmapSteganography.Library\BitmapSteganography.Library.csproj", "{86C419EB-1583-46BC-BBC7-74AEB6B785BA}"
EndProject
Project("{FAE04EC0-301F-11D3-BF4B-00C04F79EFBC}") = "BitmapSteganography.Library.Test", "BitmapSteganography.Library.Test\BitmapSteganography.Library.Test.csproj", "{9F71F02F-7C45-466F-80C8-F4C112CBFDC4}"
EndProject
Project("{FAE04EC0-301F-11D3-BF4B-00C04F79EFBC}") = "BitmapSteganography.Client", "BitmapSteganography.Client\BitmapSteganography.Client.csproj", "{F2EEDF38-4A49-4562-8306-DA468C8EDD8E}"
EndProject
Global
	GlobalSection(SolutionConfigurationPlatforms) = preSolution
		Debug|Any CPU = Debug|Any CPU
		Release|Any CPU = Release|Any CPU
	EndGlobalSection
	GlobalSection(ProjectConfigurationPlatforms) = postSolution
		{86C419EB-1583-46BC-BBC7-74AEB6B785BA}.Debug|Any CPU.ActiveCfg = Debug|Any CPU
		{86C419EB-1583-46BC-BBC7-74AEB6B785BA}.Debug|Any CPU.Build.0 = Debug|Any CPU
		{86C419EB-1583-46BC-BBC7-74AEB6B785BA}.Release|Any CPU.ActiveCfg = Release|Any CPU
		{86C419EB-1583-46BC-BBC7-74AEB6B785BA}.Release|Any CPU.Build.0 = Release|Any CPU
		{9F71F02F-7C45-466F-80C8-F4C112CBFDC4}.Debug|Any CPU.ActiveCfg = Debug|Any CPU
		{9F71F02F-7C45-466F-80C8-F4C112CBFDC4}.Debug|Any CPU.Build.0 = Debug|Any CPU
		{9F71F02F-7C45-466F-80C8-F4C112CBFDC4}.Release|Any CPU.ActiveCfg = Release|Any CPU
		{9F71F02F-7C45-466F-80C8-F4C112CBFDC4}.Release|Any CPU.Build.0 = Release|Any CPU
		{F2EEDF38-4A49-4562-8306-DA468C8EDD8E}.Debug|Any CPU.ActiveCfg = Debug|Any CPU
		{F2EEDF38-4A49-4562-8306-DA468C8EDD8E}.Debug|Any CPU.Build.0 = Debug|Any CPU
		{F2EEDF38-4A49-4562-8306-DA468C8EDD8E}.Release|Any CPU.ActiveCfg = Release|Any CPU
		{F2EEDF38-4A49-4562-8306-DA468C8EDD8E}.Release|Any CPU.Build.0 = Release|Any CPU
	EndGlobalSection
	GlobalSection(SolutionProperties) = preSolution
		HideSolutionNode = FALSE
	EndGlobalSection
EndGlobal
